<?xml version="1.0" encoding="utf-8"?>
<Project ToolsVersion="4.0" xmlns="http://schemas.microsoft.com/developer/msbuild/2003">
  <ItemGroup>
    <Filter Include="Headers">
      <UniqueIdentifier>{74a0b97e-2a6d-4f42-970e-b9574c06cfd9}</UniqueIdentifier>
    </Filter>
  </ItemGroup>
  <ItemGroup>
    <ClInclude Include="..\Headers\engine_define.h">
      <Filter>Headers</Filter>
    </ClInclude>
    <ClInclude Include="..\Headers\engine_enum.h">
      <Filter>Headers</Filter>
    </ClInclude>
    <ClInclude Include="..\Headers\engine_include.h">
      <Filter>Headers</Filter>
    </ClInclude>
    <ClInclude Include="..\Headers\engine_macro.h">
      <Filter>Headers</Filter>
    </ClInclude>
    <ClInclude Include="..\Headers\engine_typedef.h">
      <Filter>Headers</Filter>
    </ClInclude>
    <ClInclude Include="..\Headers\engine_constant.h">
      <Filter>Headers</Filter>
    </ClInclude>
  </ItemGroup>
</Project>