<?xml version="1.0" encoding="utf-8"?>
<Project ToolsVersion="4.0" xmlns="http://schemas.microsoft.com/developer/msbuild/2003">
  <ItemGroup>
    <Filter Include="0xFF.Headers">
      <UniqueIdentifier>{74a0b97e-2a6d-4f42-970e-b9574c06cfd9}</UniqueIdentifier>
    </Filter>
    <Filter Include="0x00.GraphicDevice">
      <UniqueIdentifier>{e20e7578-63af-43cb-9588-bb0145a83380}</UniqueIdentifier>
    </Filter>
    <Filter Include="0x01.SuperClass">
      <UniqueIdentifier>{edd1a4cd-210c-4e13-9cd9-5b8c76483271}</UniqueIdentifier>
    </Filter>
    <Filter Include="0x02.Timer">
      <UniqueIdentifier>{ceeac1d7-ca61-4eac-a143-4e27eaebd6ee}</UniqueIdentifier>
    </Filter>
    <Filter Include="0x01.SuperClass\0x00.Base">
      <UniqueIdentifier>{708f539d-d008-4688-b0e5-2d3b25dc3507}</UniqueIdentifier>
    </Filter>
    <Filter Include="0x02.Timer\0x00.Manager">
      <UniqueIdentifier>{64002c22-de77-4c03-86ec-821c4476c6b3}</UniqueIdentifier>
    </Filter>
    <Filter Include="0x02.Timer\0x01.Timer">
      <UniqueIdentifier>{4dd5c139-7996-431c-a741-cb1b210b31b8}</UniqueIdentifier>
    </Filter>
    <Filter Include="0xFE.Export_Function">
      <UniqueIdentifier>{7f95d933-884c-477f-b05b-0be7a7326f82}</UniqueIdentifier>
    </Filter>
    <Filter Include="0x01.SuperClass\0x01.Scene">
      <UniqueIdentifier>{861db9bd-4370-4388-a222-21c41be5e907}</UniqueIdentifier>
    </Filter>
    <Filter Include="0x04.Renderer">
      <UniqueIdentifier>{45dfd777-db05-43fe-b5c5-d318681bdb36}</UniqueIdentifier>
    </Filter>
    <Filter Include="0x03.Framework">
      <UniqueIdentifier>{f801e019-7f82-4ecc-8b84-2d2a9eb00af6}</UniqueIdentifier>
    </Filter>
    <Filter Include="0x01.SuperClass\0x02.GameObject">
      <UniqueIdentifier>{2046df3f-38e9-40d5-a700-f3237306631f}</UniqueIdentifier>
    </Filter>
    <Filter Include="0x01.SuperClass\0x03.Component">
      <UniqueIdentifier>{cee4d5f7-962f-43e0-b091-7194dfddfd64}</UniqueIdentifier>
    </Filter>
    <Filter Include="0x05 Resource">
      <UniqueIdentifier>{44ffbc94-f919-4ab7-8b3c-229a4fe1d269}</UniqueIdentifier>
    </Filter>
    <Filter Include="0x06.RendeTarget">
      <UniqueIdentifier>{ab6605c2-053d-47e7-bb28-e65e71a60b5c}</UniqueIdentifier>
    </Filter>
    <Filter Include="0x05 Resource\0x00.Manager">
      <UniqueIdentifier>{53bcf8b6-8203-42e5-9447-bed281819bdc}</UniqueIdentifier>
    </Filter>
    <Filter Include="0x01.SuperClass\0x04.Resource">
      <UniqueIdentifier>{922e5ed8-552f-43ed-80e0-3a08ce0f5a37}</UniqueIdentifier>
    </Filter>
    <Filter Include="0x05 Resource\0x01.Resources">
      <UniqueIdentifier>{46365f8a-d994-4de3-95ee-28c1c45a0b61}</UniqueIdentifier>
    </Filter>
    <Filter Include="0x05 Resource\0x01.Resources\0x00.Texture">
      <UniqueIdentifier>{ee2de1ad-400a-476c-9438-922f9f8bcb8b}</UniqueIdentifier>
    </Filter>
    <Filter Include="0x05 Resource\0x01.Resources\0x01.Mesh">
      <UniqueIdentifier>{dcf69fda-fe34-4b8a-aa6a-8fdc37b5c9f8}</UniqueIdentifier>
    </Filter>
    <Filter Include="0x06.RendeTarget\0x00.Manager">
      <UniqueIdentifier>{2ef6f27d-e3a5-4cf6-b39c-cd4dcb44a1d0}</UniqueIdentifier>
    </Filter>
    <Filter Include="0x06.RendeTarget\0x01.RenderTarget">
      <UniqueIdentifier>{562c72c6-d75f-4061-8ba7-4d6ca436ab3d}</UniqueIdentifier>
    </Filter>
  </ItemGroup>
  <ItemGroup>
    <ClInclude Include="..\Headers\engine_define.h">
      <Filter>0xFF.Headers</Filter>
    </ClInclude>
    <ClInclude Include="..\Headers\engine_enum.h">
      <Filter>0xFF.Headers</Filter>
    </ClInclude>
    <ClInclude Include="..\Headers\engine_include.h">
      <Filter>0xFF.Headers</Filter>
    </ClInclude>
    <ClInclude Include="..\Headers\engine_macro.h">
      <Filter>0xFF.Headers</Filter>
    </ClInclude>
    <ClInclude Include="..\Headers\engine_typedef.h">
      <Filter>0xFF.Headers</Filter>
    </ClInclude>
    <ClInclude Include="..\Headers\engine_constant.h">
      <Filter>0xFF.Headers</Filter>
    </ClInclude>
    <ClInclude Include="..\Codes\GraphicDevice.h">
      <Filter>0x00.GraphicDevice</Filter>
    </ClInclude>
    <ClInclude Include="..\Codes\Base.h">
      <Filter>0x01.SuperClass\0x00.Base</Filter>
    </ClInclude>
    <ClInclude Include="..\Codes\Timer.h">
      <Filter>0x02.Timer\0x01.Timer</Filter>
    </ClInclude>
    <ClInclude Include="..\Headers\engine_function.h">
      <Filter>0xFF.Headers</Filter>
    </ClInclude>
    <ClInclude Include="..\Codes\TimeManager.h">
      <Filter>0x02.Timer\0x00.Manager</Filter>
    </ClInclude>
    <ClInclude Include="..\Headers\engine_functor.h">
      <Filter>0xFF.Headers</Filter>
    </ClInclude>
    <ClInclude Include="..\Exports\engine_export.h">
      <Filter>0xFE.Export_Function</Filter>
    </ClInclude>
    <ClInclude Include="..\Codes\Framework.h">
      <Filter>0x03.Framework</Filter>
    </ClInclude>
    <ClInclude Include="..\Codes\Scene.h">
      <Filter>0x01.SuperClass\0x01.Scene</Filter>
    </ClInclude>
    <ClInclude Include="..\Codes\GameObject.h">
      <Filter>0x01.SuperClass\0x02.GameObject</Filter>
    </ClInclude>
    <ClInclude Include="..\Codes\Component.h">
      <Filter>0x01.SuperClass\0x03.Component</Filter>
    </ClInclude>
    <ClInclude Include="..\Codes\Renderer.h">
      <Filter>0x04.Renderer</Filter>
    </ClInclude>
    <ClInclude Include="..\Codes\RenderTarget.h">
      <Filter>0x06.RendeTarget\0x01.RenderTarget</Filter>
    </ClInclude>
    <ClInclude Include="..\Headers\engine_struct.h">
      <Filter>0xFF.Headers</Filter>
    </ClInclude>
  </ItemGroup>
  <ItemGroup>
    <ClCompile Include="..\Codes\GraphicDevice.cpp">
      <Filter>0x00.GraphicDevice</Filter>
    </ClCompile>
    <ClCompile Include="..\Codes\Base.cpp">
      <Filter>0x01.SuperClass\0x00.Base</Filter>
    </ClCompile>
    <ClCompile Include="..\Codes\Timer.cpp">
      <Filter>0x02.Timer\0x01.Timer</Filter>
    </ClCompile>
    <ClCompile Include="..\Codes\TimeManager.cpp">
      <Filter>0x02.Timer\0x00.Manager</Filter>
    </ClCompile>
    <ClCompile Include="..\Codes\Framework.cpp">
      <Filter>0x03.Framework</Filter>
    </ClCompile>
    <ClCompile Include="..\Codes\Scene.cpp">
      <Filter>0x01.SuperClass\0x01.Scene</Filter>
    </ClCompile>
    <ClCompile Include="..\Codes\GameObject.cpp">
      <Filter>0x01.SuperClass\0x02.GameObject</Filter>
    </ClCompile>
    <ClCompile Include="..\Codes\Component.cpp">
      <Filter>0x01.SuperClass\0x03.Component</Filter>
    </ClCompile>
    <ClCompile Include="..\Codes\Renderer.cpp">
      <Filter>0x04.Renderer</Filter>
    </ClCompile>
    <ClCompile Include="..\Codes\RenderTarget.cpp">
      <Filter>0x06.RendeTarget\0x01.RenderTarget</Filter>
    </ClCompile>
  </ItemGroup>
  <ItemGroup>
    <None Include="..\Exports\engine_export.inl">
      <Filter>0xFE.Export_Function</Filter>
    </None>
  </ItemGroup>
</Project>