<?xml version="1.0" encoding="utf-8"?>
<Project ToolsVersion="4.0" xmlns="http://schemas.microsoft.com/developer/msbuild/2003">
  <ItemGroup>
    <Filter Include="Default">
      <UniqueIdentifier>{cd9ce357-da23-4f0e-8916-1952b8da0296}</UniqueIdentifier>
    </Filter>
    <Filter Include="Headers">
      <UniqueIdentifier>{1485f4db-9c5c-4330-9bd4-775811759968}</UniqueIdentifier>
    </Filter>
  </ItemGroup>
  <ItemGroup>
    <Text Include="ReadMe.txt" />
  </ItemGroup>
  <ItemGroup>
    <ClInclude Include="Client.h">
      <Filter>Default</Filter>
    </ClInclude>
    <ClInclude Include="Resource.h">
      <Filter>Default</Filter>
    </ClInclude>
    <ClInclude Include="stdafx.h">
      <Filter>Default</Filter>
    </ClInclude>
    <ClInclude Include="targetver.h">
      <Filter>Default</Filter>
    </ClInclude>
    <ClInclude Include="..\Headers\include.h">
      <Filter>Headers</Filter>
    </ClInclude>
    <ClInclude Include="..\Headers\macro.h">
      <Filter>Headers</Filter>
    </ClInclude>
    <ClInclude Include="..\Headers\typedef.h">
      <Filter>Headers</Filter>
    </ClInclude>
    <ClInclude Include="..\Headers\constant.h">
      <Filter>Headers</Filter>
    </ClInclude>
    <ClInclude Include="..\Headers\define.h">
      <Filter>Headers</Filter>
    </ClInclude>
    <ClInclude Include="..\Headers\enum.h">
      <Filter>Headers</Filter>
    </ClInclude>
    <ClInclude Include="..\..\..\..\..\Desktop\Personal_Project\Client\Headers\function.h">
      <Filter>Headers</Filter>
    </ClInclude>
  </ItemGroup>
  <ItemGroup>
    <ClCompile Include="Client.cpp">
      <Filter>Default</Filter>
    </ClCompile>
    <ClCompile Include="stdafx.cpp">
      <Filter>Default</Filter>
    </ClCompile>
  </ItemGroup>
  <ItemGroup>
    <Image Include="Client.ico">
      <Filter>Default</Filter>
    </Image>
    <Image Include="small.ico">
      <Filter>Default</Filter>
    </Image>
  </ItemGroup>
  <ItemGroup>
    <ResourceCompile Include="Client.rc">
      <Filter>Default</Filter>
    </ResourceCompile>
  </ItemGroup>
</Project>